
Microsoft Visual Studio Solution File, Format Version 12.00
# Visual Studio Version 16
VisualStudioVersion = 16.0.31613.86
MinimumVisualStudioVersion = 10.0.40219.1
Project("{9A19103F-16F7-4668-BE54-9A1E7A4F7556}") = "MVC", "MVC\MVC.csproj", "{A3A62C16-080E-43E5-8AA8-B2B1D9C816A8}"
EndProject
Project("{9A19103F-16F7-4668-BE54-9A1E7A4F7556}") = "API", "API\API.csproj", "{5EADC752-E070-469E-86A0-E168DC650F99}"
EndProject
Project("{9A19103F-16F7-4668-BE54-9A1E7A4F7556}") = "CIFRADO", "CIFRADO\CIFRADO.csproj", "{90861AD2-EB45-4178-B083-CF6AC779B5D1}"
EndProject
Global
	GlobalSection(SolutionConfigurationPlatforms) = preSolution
		Debug|Any CPU = Debug|Any CPU
		Release|Any CPU = Release|Any CPU
	EndGlobalSection
	GlobalSection(ProjectConfigurationPlatforms) = postSolution
		{A3A62C16-080E-43E5-8AA8-B2B1D9C816A8}.Debug|Any CPU.ActiveCfg = Debug|Any CPU
		{A3A62C16-080E-43E5-8AA8-B2B1D9C816A8}.Debug|Any CPU.Build.0 = Debug|Any CPU
		{A3A62C16-080E-43E5-8AA8-B2B1D9C816A8}.Release|Any CPU.ActiveCfg = Release|Any CPU
		{A3A62C16-080E-43E5-8AA8-B2B1D9C816A8}.Release|Any CPU.Build.0 = Release|Any CPU
		{5EADC752-E070-469E-86A0-E168DC650F99}.Debug|Any CPU.ActiveCfg = Debug|Any CPU
		{5EADC752-E070-469E-86A0-E168DC650F99}.Debug|Any CPU.Build.0 = Debug|Any CPU
		{5EADC752-E070-469E-86A0-E168DC650F99}.Release|Any CPU.ActiveCfg = Release|Any CPU
		{5EADC752-E070-469E-86A0-E168DC650F99}.Release|Any CPU.Build.0 = Release|Any CPU
		{90861AD2-EB45-4178-B083-CF6AC779B5D1}.Debug|Any CPU.ActiveCfg = Debug|Any CPU
		{90861AD2-EB45-4178-B083-CF6AC779B5D1}.Debug|Any CPU.Build.0 = Debug|Any CPU
		{90861AD2-EB45-4178-B083-CF6AC779B5D1}.Release|Any CPU.ActiveCfg = Release|Any CPU
		{90861AD2-EB45-4178-B083-CF6AC779B5D1}.Release|Any CPU.Build.0 = Release|Any CPU
	EndGlobalSection
	GlobalSection(SolutionProperties) = preSolution
		HideSolutionNode = FALSE
	EndGlobalSection
	GlobalSection(ExtensibilityGlobals) = postSolution
		SolutionGuid = {5893E5A1-9E94-4A8D-A6C9-57E4BD7B0AD6}
	EndGlobalSection
EndGlobal
